<?xml version="1.0" encoding="utf-8"?>
<Project ToolsVersion="4.0" xmlns="http://schemas.microsoft.com/developer/msbuild/2003">
  <ItemGroup>
    <Filter Include="Source Files">
      <UniqueIdentifier>{4FC737F1-C7A5-4376-A066-2A32D752A2FF}</UniqueIdentifier>
      <Extensions>cpp;c;cc;cxx;def;odl;idl;hpj;bat;asm;asmx</Extensions>
    </Filter>
    <Filter Include="Header Files">
      <UniqueIdentifier>{93995380-89BD-4b04-88EB-625FBE52EBFB}</UniqueIdentifier>
      <Extensions>h;hpp;hxx;hm;inl;inc;xsd</Extensions>
    </Filter>
    <Filter Include="Resource Files">
      <UniqueIdentifier>{67DA6AB6-F800-4c08-8B7A-83BB121AAD01}</UniqueIdentifier>
      <Extensions>rc;ico;cur;bmp;dlg;rc2;rct;bin;rgs;gif;jpg;jpeg;jpe;resx;tiff;tif;png;wav;mfcribbon-ms</Extensions>
    </Filter>
    <Filter Include="Header Files\ECS">
      <UniqueIdentifier>{294cd489-2151-4561-a0eb-244e0cfa79e1}</UniqueIdentifier>
    </Filter>
    <Filter Include="Header Files\EventSystem">
      <UniqueIdentifier>{ad4d8aa9-491d-47c8-9352-04cfc08ecccc}</UniqueIdentifier>
    </Filter>
    <Filter Include="Source Files\EventSystem">
      <UniqueIdentifier>{daa0bd9a-1b2b-4502-8dfc-4a279dd35a0a}</UniqueIdentifier>
    </Filter>
    <Filter Include="Header Files\AudioSystem">
      <UniqueIdentifier>{f4208675-4f48-4ef1-b23c-2198ff860e1f}</UniqueIdentifier>
    </Filter>
    <Filter Include="Header Files\GraphicsSystem">
      <UniqueIdentifier>{902a724d-162f-4fcb-b59d-5c983e5e2a60}</UniqueIdentifier>
    </Filter>
    <Filter Include="Header Files\InputSystem">
      <UniqueIdentifier>{ecf123b2-0322-4847-bf31-7236cf68ca19}</UniqueIdentifier>
    </Filter>
    <Filter Include="Header Files\ScriptSystem">
      <UniqueIdentifier>{14e02a43-d451-4e5f-9765-d33f292671b6}</UniqueIdentifier>
    </Filter>
    <Filter Include="Source Files\AudioSystem">
      <UniqueIdentifier>{b6467aea-67cd-45be-93e9-a23dafcb5c1b}</UniqueIdentifier>
    </Filter>
    <Filter Include="Source Files\GraphicsSystem">
      <UniqueIdentifier>{2f6a83a5-f31b-40e9-9bc7-3df8537aaaba}</UniqueIdentifier>
    </Filter>
    <Filter Include="Source Files\InputSystem">
      <UniqueIdentifier>{325e226b-c05e-4da5-b3a7-dfe4def26947}</UniqueIdentifier>
    </Filter>
    <Filter Include="Source Files\ScriptSystem">
      <UniqueIdentifier>{aaa8172e-4086-47cc-93f8-13c58039f136}</UniqueIdentifier>
    </Filter>
  </ItemGroup>
  <ItemGroup>
    <ClInclude Include="include\GameEngine.h">
      <Filter>Header Files</Filter>
    </ClInclude>
    <ClInclude Include="include\ResourceLoader.h">
      <Filter>Header Files</Filter>
    </ClInclude>
    <ClInclude Include="include\ECS\ECSManager.h">
      <Filter>Header Files\ECS</Filter>
    </ClInclude>
    <ClInclude Include="include\ECS\IGameComponent.h">
      <Filter>Header Files\ECS</Filter>
    </ClInclude>
    <ClInclude Include="include\Timer.h">
      <Filter>Header Files</Filter>
    </ClInclude>
    <ClInclude Include="include\DebugManager.h">
      <Filter>Header Files</Filter>
    </ClInclude>
    <ClInclude Include="include\ECS\GameEntity.h">
      <Filter>Header Files\ECS</Filter>
    </ClInclude>
    <ClInclude Include="include\EventManager.h">
      <Filter>Header Files\EventSystem</Filter>
    </ClInclude>
    <ClInclude Include="include\InputManager.h">
      <Filter>Header Files\InputSystem</Filter>
    </ClInclude>
    <ClInclude Include="include\AudioManager.h">
      <Filter>Header Files\AudioSystem</Filter>
    </ClInclude>
    <ClInclude Include="include\GraphicsManager.h">
      <Filter>Header Files\GraphicsSystem</Filter>
    </ClInclude>
    <ClInclude Include="include\ScriptManager.h">
      <Filter>Header Files\ScriptSystem</Filter>
    </ClInclude>
  </ItemGroup>
  <ItemGroup>
    <ClCompile Include="src\GameEngine.cpp">
      <Filter>Source Files</Filter>
    </ClCompile>
    <ClCompile Include="src\source.cpp">
      <Filter>Source Files</Filter>
    </ClCompile>
    <ClCompile Include="src\DebugManager.cpp">
      <Filter>Source Files</Filter>
    </ClCompile>
    <ClCompile Include="src\ResourceLoader.cpp">
      <Filter>Source Files</Filter>
    </ClCompile>
    <ClCompile Include="src\Timer.cpp">
      <Filter>Source Files</Filter>
    </ClCompile>
    <ClCompile Include="src\EventManager.cpp">
      <Filter>Source Files\EventSystem</Filter>
    </ClCompile>
    <ClCompile Include="src\AudioManager.cpp">
      <Filter>Source Files\AudioSystem</Filter>
    </ClCompile>
    <ClCompile Include="src\Camera.cpp">
      <Filter>Source Files\GraphicsSystem</Filter>
    </ClCompile>
    <ClCompile Include="src\GraphicsManager.cpp">
      <Filter>Source Files\GraphicsSystem</Filter>
    </ClCompile>
    <ClCompile Include="src\InputManager.cpp">
      <Filter>Source Files\InputSystem</Filter>
    </ClCompile>
    <ClCompile Include="src\ScriptManager.cpp">
      <Filter>Source Files\ScriptSystem</Filter>
    </ClCompile>
  </ItemGroup>
</Project>